
Microsoft Visual Studio Solution File, Format Version 12.00
# Visual Studio Version 17
VisualStudioVersion = 17.5.33414.496
MinimumVisualStudioVersion = 10.0.40219.1
Project("{FAE04EC0-301F-11D3-BF4B-00C04F79EFBC}") = "WindowsFormsApp1", "WindowsFormsApp1\WindowsFormsApp1.csproj", "{041EBA43-6F4F-47F5-B76E-A2296C41D8BF}"
EndProject
Global
	GlobalSection(SolutionConfigurationPlatforms) = preSolution
		Debug|Any CPU = Debug|Any CPU
		Release|Any CPU = Release|Any CPU
	EndGlobalSection
	GlobalSection(ProjectConfigurationPlatforms) = postSolution
		{041EBA43-6F4F-47F5-B76E-A2296C41D8BF}.Debug|Any CPU.ActiveCfg = Debug|Any CPU
		{041EBA43-6F4F-47F5-B76E-A2296C41D8BF}.Debug|Any CPU.Build.0 = Debug|Any CPU
		{041EBA43-6F4F-47F5-B76E-A2296C41D8BF}.Release|Any CPU.ActiveCfg = Release|Any CPU
		{041EBA43-6F4F-47F5-B76E-A2296C41D8BF}.Release|Any CPU.Build.0 = Release|Any CPU
	EndGlobalSection
	GlobalSection(SolutionProperties) = preSolution
		HideSolutionNode = FALSE
	EndGlobalSection
	GlobalSection(ExtensibilityGlobals) = postSolution
		SolutionGuid = {486F3D5E-0F75-499C-8083-FBB99CB5CB83}
	EndGlobalSection
EndGlobal
